// !$*UTF8*$!
{
	archiveVersion = 1;
	classes = {
	};
	objectVersion = 46;
	objects = {

/* Begin PBXBuildFile section */
		030A61E01F39609D00951299 /* ContactsModule.swift in Sources */ = {isa = PBXBuildFile; fileRef = 030A61DF1F39609D00951299 /* ContactsModule.swift */; };
		032F44641F32CCF900A3FD21 /* OpenSystemSettingModule.swift in Sources */ = {isa = PBXBuildFile; fileRef = 032F44631F32CCF900A3FD21 /* OpenSystemSettingModule.swift */; };
		032F44671F32F5C400A3FD21 /* CommonModule.swift in Sources */ = {isa = PBXBuildFile; fileRef = 032F44661F32F5C400A3FD21 /* CommonModule.swift */; };
		035A8BBD1F31723D0063CCE4 /* NetworkModule.swift in Sources */ = {isa = PBXBuildFile; fileRef = 035A8BBC1F31723D0063CCE4 /* NetworkModule.swift */; };
		035A8BC11F31AD320063CCE4 /* DeviceInfoModule.swift in Sources */ = {isa = PBXBuildFile; fileRef = 035A8BC01F31AD320063CCE4 /* DeviceInfoModule.swift */; };
		0366C5E41F2F767E00E238B1 /* ModuleViewController.swift in Sources */ = {isa = PBXBuildFile; fileRef = 0366C5E31F2F767E00E238B1 /* ModuleViewController.swift */; };
		03A7FD891F2F7D53005CF66B /* LocationModule.swift in Sources */ = {isa = PBXBuildFile; fileRef = 03A7FD881F2F7D53005CF66B /* LocationModule.swift */; };
		03A7FD8C1F2F8A8B005CF66B /* ImagePickerControllerModule.swift in Sources */ = {isa = PBXBuildFile; fileRef = 03A7FD8B1F2F8A8B005CF66B /* ImagePickerControllerModule.swift */; };
		03FC29FC1F385277007948FC /* DatePickerModule.swift in Sources */ = {isa = PBXBuildFile; fileRef = 03FC29FB1F385277007948FC /* DatePickerModule.swift */; };
		0C445BE41E8DFEFA00EC30D5 /* AppDelegate.swift in Sources */ = {isa = PBXBuildFile; fileRef = 0C445BE31E8DFEFA00EC30D5 /* AppDelegate.swift */; };
		0C445BE61E8DFEFA00EC30D5 /* ViewController.swift in Sources */ = {isa = PBXBuildFile; fileRef = 0C445BE51E8DFEFA00EC30D5 /* ViewController.swift */; };
		0C445BE91E8DFEFA00EC30D5 /* Main.storyboard in Resources */ = {isa = PBXBuildFile; fileRef = 0C445BE71E8DFEFA00EC30D5 /* Main.storyboard */; };
		0C445BEB1E8DFEFA00EC30D5 /* Assets.xcassets in Resources */ = {isa = PBXBuildFile; fileRef = 0C445BEA1E8DFEFA00EC30D5 /* Assets.xcassets */; };
		0C445BEE1E8DFEFA00EC30D5 /* LaunchScreen.storyboard in Resources */ = {isa = PBXBuildFile; fileRef = 0C445BEC1E8DFEFA00EC30D5 /* LaunchScreen.storyboard */; };
		0C445BFF1E8E2F7500EC30D5 /* www in Resources */ = {isa = PBXBuildFile; fileRef = 0C445BFE1E8E2F7500EC30D5 /* www */; };
		0C6CA9CC1E9B5C2800F94C7C /* OpenApiViewController.swift in Sources */ = {isa = PBXBuildFile; fileRef = 0C6CA9CB1E9B5C2800F94C7C /* OpenApiViewController.swift */; };
		0C9CD0531EA61C3300BE40BB /* UserViewController.swift in Sources */ = {isa = PBXBuildFile; fileRef = 0C9CD0521EA61C3300BE40BB /* UserViewController.swift */; };
		BCD37BC71DBAFC7E21CDC80C /* Pods_CenariusExample.framework in Frameworks */ = {isa = PBXBuildFile; fileRef = 74E045E4A8074F3054194A83 /* Pods_CenariusExample.framework */; };
/* End PBXBuildFile section */

/* Begin PBXFileReference section */
		030A61DF1F39609D00951299 /* ContactsModule.swift */ = {isa = PBXFileReference; fileEncoding = 4; lastKnownFileType = sourcecode.swift; path = ContactsModule.swift; sourceTree = "<group>"; };
		032F44631F32CCF900A3FD21 /* OpenSystemSettingModule.swift */ = {isa = PBXFileReference; fileEncoding = 4; lastKnownFileType = sourcecode.swift; path = OpenSystemSettingModule.swift; sourceTree = "<group>"; };
		032F44661F32F5C400A3FD21 /* CommonModule.swift */ = {isa = PBXFileReference; fileEncoding = 4; lastKnownFileType = sourcecode.swift; path = CommonModule.swift; sourceTree = "<group>"; };
		035A8BBC1F31723D0063CCE4 /* NetworkModule.swift */ = {isa = PBXFileReference; fileEncoding = 4; lastKnownFileType = sourcecode.swift; path = NetworkModule.swift; sourceTree = "<group>"; };
		035A8BC01F31AD320063CCE4 /* DeviceInfoModule.swift */ = {isa = PBXFileReference; fileEncoding = 4; lastKnownFileType = sourcecode.swift; path = DeviceInfoModule.swift; sourceTree = "<group>"; };
		0366C5E31F2F767E00E238B1 /* ModuleViewController.swift */ = {isa = PBXFileReference; fileEncoding = 4; lastKnownFileType = sourcecode.swift; path = ModuleViewController.swift; sourceTree = "<group>"; };
		03A7FD881F2F7D53005CF66B /* LocationModule.swift */ = {isa = PBXFileReference; fileEncoding = 4; lastKnownFileType = sourcecode.swift; path = LocationModule.swift; sourceTree = "<group>"; };
		03A7FD8B1F2F8A8B005CF66B /* ImagePickerControllerModule.swift */ = {isa = PBXFileReference; fileEncoding = 4; lastKnownFileType = sourcecode.swift; path = ImagePickerControllerModule.swift; sourceTree = "<group>"; };
		03A7FD8D1F2F8CAC005CF66B /* zh-Hans */ = {isa = PBXFileReference; lastKnownFileType = text.plist.strings; name = "zh-Hans"; path = "zh-Hans.lproj/Main.strings"; sourceTree = "<group>"; };
		03A7FD8E1F2F8CAC005CF66B /* zh-Hans */ = {isa = PBXFileReference; lastKnownFileType = text.plist.strings; name = "zh-Hans"; path = "zh-Hans.lproj/LaunchScreen.strings"; sourceTree = "<group>"; };
		03FC29FB1F385277007948FC /* DatePickerModule.swift */ = {isa = PBXFileReference; fileEncoding = 4; lastKnownFileType = sourcecode.swift; path = DatePickerModule.swift; sourceTree = "<group>"; };
		0C445BE01E8DFEFA00EC30D5 /* CenariusExample.app */ = {isa = PBXFileReference; explicitFileType = wrapper.application; includeInIndex = 0; path = CenariusExample.app; sourceTree = BUILT_PRODUCTS_DIR; };
		0C445BE31E8DFEFA00EC30D5 /* AppDelegate.swift */ = {isa = PBXFileReference; lastKnownFileType = sourcecode.swift; path = AppDelegate.swift; sourceTree = "<group>"; };
		0C445BE51E8DFEFA00EC30D5 /* ViewController.swift */ = {isa = PBXFileReference; lastKnownFileType = sourcecode.swift; path = ViewController.swift; sourceTree = "<group>"; };
		0C445BE81E8DFEFA00EC30D5 /* Base */ = {isa = PBXFileReference; lastKnownFileType = file.storyboard; name = Base; path = Base.lproj/Main.storyboard; sourceTree = "<group>"; };
		0C445BEA1E8DFEFA00EC30D5 /* Assets.xcassets */ = {isa = PBXFileReference; lastKnownFileType = folder.assetcatalog; path = Assets.xcassets; sourceTree = "<group>"; };
		0C445BED1E8DFEFA00EC30D5 /* Base */ = {isa = PBXFileReference; lastKnownFileType = file.storyboard; name = Base; path = Base.lproj/LaunchScreen.storyboard; sourceTree = "<group>"; };
		0C445BEF1E8DFEFA00EC30D5 /* Info.plist */ = {isa = PBXFileReference; lastKnownFileType = text.plist.xml; path = Info.plist; sourceTree = "<group>"; };
		0C445BFE1E8E2F7500EC30D5 /* www */ = {isa = PBXFileReference; lastKnownFileType = folder; path = www; sourceTree = "<group>"; };
		0C6CA9CB1E9B5C2800F94C7C /* OpenApiViewController.swift */ = {isa = PBXFileReference; fileEncoding = 4; lastKnownFileType = sourcecode.swift; path = OpenApiViewController.swift; sourceTree = "<group>"; };
		0C9CD0521EA61C3300BE40BB /* UserViewController.swift */ = {isa = PBXFileReference; fileEncoding = 4; lastKnownFileType = sourcecode.swift; path = UserViewController.swift; sourceTree = "<group>"; };
		1CCD0D5F16973D24EFDF1723 /* Pods-CenariusExample.debug.xcconfig */ = {isa = PBXFileReference; includeInIndex = 1; lastKnownFileType = text.xcconfig; name = "Pods-CenariusExample.debug.xcconfig"; path = "Pods/Target Support Files/Pods-CenariusExample/Pods-CenariusExample.debug.xcconfig"; sourceTree = "<group>"; };
		3D55837FA7B1BE5547CD17CD /* Pods-CenariusExample.release.xcconfig */ = {isa = PBXFileReference; includeInIndex = 1; lastKnownFileType = text.xcconfig; name = "Pods-CenariusExample.release.xcconfig"; path = "Pods/Target Support Files/Pods-CenariusExample/Pods-CenariusExample.release.xcconfig"; sourceTree = "<group>"; };
		74E045E4A8074F3054194A83 /* Pods_CenariusExample.framework */ = {isa = PBXFileReference; explicitFileType = wrapper.framework; includeInIndex = 0; path = Pods_CenariusExample.framework; sourceTree = BUILT_PRODUCTS_DIR; };
/* End PBXFileReference section */

/* Begin PBXFrameworksBuildPhase section */
		0C445BDD1E8DFEFA00EC30D5 /* Frameworks */ = {
			isa = PBXFrameworksBuildPhase;
			buildActionMask = 2147483647;
			files = (
				BCD37BC71DBAFC7E21CDC80C /* Pods_CenariusExample.framework in Frameworks */,
			);
			runOnlyForDeploymentPostprocessing = 0;
		};
/* End PBXFrameworksBuildPhase section */

/* Begin PBXGroup section */
		030A61DE1F39609600951299 /* ContactsModule */ = {
			isa = PBXGroup;
			children = (
				030A61DF1F39609D00951299 /* ContactsModule.swift */,
			);
			path = ContactsModule;
			sourceTree = "<group>";
		};
		032F44621F32CCDB00A3FD21 /* OpenSystemSettingModule */ = {
			isa = PBXGroup;
			children = (
				032F44631F32CCF900A3FD21 /* OpenSystemSettingModule.swift */,
			);
			path = OpenSystemSettingModule;
			sourceTree = "<group>";
		};
		032F44651F32F5B900A3FD21 /* CommonModule */ = {
			isa = PBXGroup;
			children = (
				032F44661F32F5C400A3FD21 /* CommonModule.swift */,
			);
			path = CommonModule;
			sourceTree = "<group>";
		};
		035A8BBB1F3162F80063CCE4 /* NetworkModule */ = {
			isa = PBXGroup;
			children = (
				035A8BBC1F31723D0063CCE4 /* NetworkModule.swift */,
			);
			path = NetworkModule;
			sourceTree = "<group>";
		};
		035A8BBF1F31AD1A0063CCE4 /* DeviceInfoModule */ = {
			isa = PBXGroup;
			children = (
				035A8BC01F31AD320063CCE4 /* DeviceInfoModule.swift */,
			);
			path = DeviceInfoModule;
			sourceTree = "<group>";
		};
		03A7FD871F2F7D33005CF66B /* LocationModule */ = {
			isa = PBXGroup;
			children = (
				03A7FD881F2F7D53005CF66B /* LocationModule.swift */,
			);
			path = LocationModule;
			sourceTree = "<group>";
		};
		03A7FD8A1F2F8A82005CF66B /* ImagePickerControllerModule */ = {
			isa = PBXGroup;
			children = (
				03A7FD8B1F2F8A8B005CF66B /* ImagePickerControllerModule.swift */,
			);
			path = ImagePickerControllerModule;
			sourceTree = "<group>";
		};
		03FC29FA1F38526A007948FC /* DatePickerModule */ = {
			isa = PBXGroup;
			children = (
				03FC29FB1F385277007948FC /* DatePickerModule.swift */,
			);
			path = DatePickerModule;
			sourceTree = "<group>";
		};
		0C445BD71E8DFEFA00EC30D5 = {
			isa = PBXGroup;
			children = (
				0C445BE21E8DFEFA00EC30D5 /* CenariusExample */,
				0C445BE11E8DFEFA00EC30D5 /* Products */,
				5E501B0753C30B177CC030D5 /* Pods */,
				A7EC9FE46EBE9AD5502BE254 /* Frameworks */,
			);
			sourceTree = "<group>";
		};
		0C445BE11E8DFEFA00EC30D5 /* Products */ = {
			isa = PBXGroup;
			children = (
				0C445BE01E8DFEFA00EC30D5 /* CenariusExample.app */,
			);
			name = Products;
			sourceTree = "<group>";
		};
		0C445BE21E8DFEFA00EC30D5 /* CenariusExample */ = {
			isa = PBXGroup;
			children = (
				030A61DE1F39609600951299 /* ContactsModule */,
				03FC29FA1F38526A007948FC /* DatePickerModule */,
				032F44651F32F5B900A3FD21 /* CommonModule */,
				032F44621F32CCDB00A3FD21 /* OpenSystemSettingModule */,
				035A8BBF1F31AD1A0063CCE4 /* DeviceInfoModule */,
				035A8BBB1F3162F80063CCE4 /* NetworkModule */,
				03A7FD8A1F2F8A82005CF66B /* ImagePickerControllerModule */,
				03A7FD871F2F7D33005CF66B /* LocationModule */,
				0C445BE31E8DFEFA00EC30D5 /* AppDelegate.swift */,
				0C445BE51E8DFEFA00EC30D5 /* ViewController.swift */,
				0C6CA9CB1E9B5C2800F94C7C /* OpenApiViewController.swift */,
				0C9CD0521EA61C3300BE40BB /* UserViewController.swift */,
				0C445BE71E8DFEFA00EC30D5 /* Main.storyboard */,
				0C445BEA1E8DFEFA00EC30D5 /* Assets.xcassets */,
				0C445BEC1E8DFEFA00EC30D5 /* LaunchScreen.storyboard */,
				0C445BEF1E8DFEFA00EC30D5 /* Info.plist */,
				0C445BFD1E8E2F6D00EC30D5 /* Resource */,
				0366C5E31F2F767E00E238B1 /* ModuleViewController.swift */,
			);
			path = CenariusExample;
			sourceTree = "<group>";
		};
		0C445BFD1E8E2F6D00EC30D5 /* Resource */ = {
			isa = PBXGroup;
			children = (
				0C445BFE1E8E2F7500EC30D5 /* www */,
			);
			path = Resource;
			sourceTree = "<group>";
		};
		5E501B0753C30B177CC030D5 /* Pods */ = {
			isa = PBXGroup;
			children = (
				1CCD0D5F16973D24EFDF1723 /* Pods-CenariusExample.debug.xcconfig */,
				3D55837FA7B1BE5547CD17CD /* Pods-CenariusExample.release.xcconfig */,
			);
			name = Pods;
			sourceTree = "<group>";
		};
		A7EC9FE46EBE9AD5502BE254 /* Frameworks */ = {
			isa = PBXGroup;
			children = (
				74E045E4A8074F3054194A83 /* Pods_CenariusExample.framework */,
			);
			name = Frameworks;
			sourceTree = "<group>";
		};
/* End PBXGroup section */

/* Begin PBXNativeTarget section */
		0C445BDF1E8DFEFA00EC30D5 /* CenariusExample */ = {
			isa = PBXNativeTarget;
			buildConfigurationList = 0C445BF21E8DFEFA00EC30D5 /* Build configuration list for PBXNativeTarget "CenariusExample" */;
			buildPhases = (
				813DF4EA8893DD683E662A65 /* [CP] Check Pods Manifest.lock */,
				0C445BDC1E8DFEFA00EC30D5 /* Sources */,
				0C445BDD1E8DFEFA00EC30D5 /* Frameworks */,
				0C445BDE1E8DFEFA00EC30D5 /* Resources */,
				837B58899D9B69158E6B3A04 /* [CP] Embed Pods Frameworks */,
				8D5ACCDA3AD5D79CF205703B /* [CP] Copy Pods Resources */,
			);
			buildRules = (
			);
			dependencies = (
			);
			name = CenariusExample;
			productName = CenariusExample;
			productReference = 0C445BE01E8DFEFA00EC30D5 /* CenariusExample.app */;
			productType = "com.apple.product-type.application";
		};
/* End PBXNativeTarget section */

/* Begin PBXProject section */
		0C445BD81E8DFEFA00EC30D5 /* Project object */ = {
			isa = PBXProject;
			attributes = {
				LastSwiftUpdateCheck = 0820;
				LastUpgradeCheck = 0820;
				ORGANIZATIONNAME = M;
				TargetAttributes = {
					0C445BDF1E8DFEFA00EC30D5 = {
						CreatedOnToolsVersion = 8.2.1;
						ProvisioningStyle = Manual;
						SystemCapabilities = {
							com.apple.BackgroundModes = {
								enabled = 1;
							};
						};
					};
				};
			};
			buildConfigurationList = 0C445BDB1E8DFEFA00EC30D5 /* Build configuration list for PBXProject "CenariusExample" */;
			compatibilityVersion = "Xcode 3.2";
			developmentRegion = English;
			hasScannedForEncodings = 0;
			knownRegions = (
				en,
				Base,
			);
			mainGroup = 0C445BD71E8DFEFA00EC30D5;
			productRefGroup = 0C445BE11E8DFEFA00EC30D5 /* Products */;
			projectDirPath = "";
			projectRoot = "";
			targets = (
				0C445BDF1E8DFEFA00EC30D5 /* CenariusExample */,
			);
		};
/* End PBXProject section */

/* Begin PBXResourcesBuildPhase section */
		0C445BDE1E8DFEFA00EC30D5 /* Resources */ = {
			isa = PBXResourcesBuildPhase;
			buildActionMask = 2147483647;
			files = (
				0C445BFF1E8E2F7500EC30D5 /* www in Resources */,
				0C445BEE1E8DFEFA00EC30D5 /* LaunchScreen.storyboard in Resources */,
				0C445BEB1E8DFEFA00EC30D5 /* Assets.xcassets in Resources */,
				0C445BE91E8DFEFA00EC30D5 /* Main.storyboard in Resources */,
			);
			runOnlyForDeploymentPostprocessing = 0;
		};
/* End PBXResourcesBuildPhase section */

/* Begin PBXShellScriptBuildPhase section */
		813DF4EA8893DD683E662A65 /* [CP] Check Pods Manifest.lock */ = {
			isa = PBXShellScriptBuildPhase;
			buildActionMask = 2147483647;
			files = (
			);
			inputPaths = (
			);
			name = "[CP] Check Pods Manifest.lock";
			outputPaths = (
			);
			runOnlyForDeploymentPostprocessing = 0;
			shellPath = /bin/sh;
			shellScript = "diff \"${PODS_PODFILE_DIR_PATH}/Podfile.lock\" \"${PODS_ROOT}/Manifest.lock\" > /dev/null\nif [ $? != 0 ] ; then\n    # print error to STDERR\n    echo \"error: The sandbox is not in sync with the Podfile.lock. Run 'pod install' or update your CocoaPods installation.\" >&2\n    exit 1\nfi\n";
			showEnvVarsInLog = 0;
		};
		837B58899D9B69158E6B3A04 /* [CP] Embed Pods Frameworks */ = {
			isa = PBXShellScriptBuildPhase;
			buildActionMask = 2147483647;
			files = (
			);
			inputPaths = (
			);
			name = "[CP] Embed Pods Frameworks";
			outputPaths = (
			);
			runOnlyForDeploymentPostprocessing = 0;
			shellPath = /bin/sh;
			shellScript = "\"${SRCROOT}/Pods/Target Support Files/Pods-CenariusExample/Pods-CenariusExample-frameworks.sh\"\n";
			showEnvVarsInLog = 0;
		};
		8D5ACCDA3AD5D79CF205703B /* [CP] Copy Pods Resources */ = {
			isa = PBXShellScriptBuildPhase;
			buildActionMask = 2147483647;
			files = (
			);
			inputPaths = (
			);
			name = "[CP] Copy Pods Resources";
			outputPaths = (
			);
			runOnlyForDeploymentPostprocessing = 0;
			shellPath = /bin/sh;
			shellScript = "\"${SRCROOT}/Pods/Target Support Files/Pods-CenariusExample/Pods-CenariusExample-resources.sh\"\n";
			showEnvVarsInLog = 0;
		};
/* End PBXShellScriptBuildPhase section */

/* Begin PBXSourcesBuildPhase section */
		0C445BDC1E8DFEFA00EC30D5 /* Sources */ = {
			isa = PBXSourcesBuildPhase;
			buildActionMask = 2147483647;
			files = (
				0C9CD0531EA61C3300BE40BB /* UserViewController.swift in Sources */,
				035A8BC11F31AD320063CCE4 /* DeviceInfoModule.swift in Sources */,
				0C445BE61E8DFEFA00EC30D5 /* ViewController.swift in Sources */,
				03A7FD891F2F7D53005CF66B /* LocationModule.swift in Sources */,
				03A7FD8C1F2F8A8B005CF66B /* ImagePickerControllerModule.swift in Sources */,
				0366C5E41F2F767E00E238B1 /* ModuleViewController.swift in Sources */,
				0C445BE41E8DFEFA00EC30D5 /* AppDelegate.swift in Sources */,
				03FC29FC1F385277007948FC /* DatePickerModule.swift in Sources */,
				030A61E01F39609D00951299 /* ContactsModule.swift in Sources */,
				032F44671F32F5C400A3FD21 /* CommonModule.swift in Sources */,
				032F44641F32CCF900A3FD21 /* OpenSystemSettingModule.swift in Sources */,
				035A8BBD1F31723D0063CCE4 /* NetworkModule.swift in Sources */,
				0C6CA9CC1E9B5C2800F94C7C /* OpenApiViewController.swift in Sources */,
			);
			runOnlyForDeploymentPostprocessing = 0;
		};
/* End PBXSourcesBuildPhase section */

/* Begin PBXVariantGroup section */
		0C445BE71E8DFEFA00EC30D5 /* Main.storyboard */ = {
			isa = PBXVariantGroup;
			children = (
				0C445BE81E8DFEFA00EC30D5 /* Base */,
				03A7FD8D1F2F8CAC005CF66B /* zh-Hans */,
			);
			name = Main.storyboard;
			sourceTree = "<group>";
		};
		0C445BEC1E8DFEFA00EC30D5 /* LaunchScreen.storyboard */ = {
			isa = PBXVariantGroup;
			children = (
				0C445BED1E8DFEFA00EC30D5 /* Base */,
				03A7FD8E1F2F8CAC005CF66B /* zh-Hans */,
			);
			name = LaunchScreen.storyboard;
			sourceTree = "<group>";
		};
/* End PBXVariantGroup section */

/* Begin XCBuildConfiguration section */
		0C445BF01E8DFEFA00EC30D5 /* Debug */ = {
			isa = XCBuildConfiguration;
			buildSettings = {
				ALWAYS_SEARCH_USER_PATHS = NO;
				CLANG_ANALYZER_LOCALIZABILITY_NONLOCALIZED = YES;
				CLANG_ANALYZER_NONNULL = YES;
				CLANG_CXX_LANGUAGE_STANDARD = "gnu++0x";
				CLANG_CXX_LIBRARY = "libc++";
				CLANG_ENABLE_MODULES = YES;
				CLANG_ENABLE_OBJC_ARC = YES;
				CLANG_WARN_BOOL_CONVERSION = YES;
				CLANG_WARN_CONSTANT_CONVERSION = YES;
				CLANG_WARN_DIRECT_OBJC_ISA_USAGE = YES_ERROR;
				CLANG_WARN_DOCUMENTATION_COMMENTS = YES;
				CLANG_WARN_EMPTY_BODY = YES;
				CLANG_WARN_ENUM_CONVERSION = YES;
				CLANG_WARN_INFINITE_RECURSION = YES;
				CLANG_WARN_INT_CONVERSION = YES;
				CLANG_WARN_OBJC_ROOT_CLASS = YES_ERROR;
				CLANG_WARN_SUSPICIOUS_MOVE = YES;
				CLANG_WARN_UNREACHABLE_CODE = YES;
				CLANG_WARN__DUPLICATE_METHOD_MATCH = YES;
				"CODE_SIGN_IDENTITY[sdk=iphoneos*]" = "iPhone Developer";
				COPY_PHASE_STRIP = NO;
				DEBUG_INFORMATION_FORMAT = dwarf;
				ENABLE_STRICT_OBJC_MSGSEND = YES;
				ENABLE_TESTABILITY = YES;
				GCC_C_LANGUAGE_STANDARD = gnu99;
				GCC_DYNAMIC_NO_PIC = NO;
				GCC_NO_COMMON_BLOCKS = YES;
				GCC_OPTIMIZATION_LEVEL = 0;
				GCC_PREPROCESSOR_DEFINITIONS = (
					"DEBUG=1",
					"$(inherited)",
				);
				GCC_WARN_64_TO_32_BIT_CONVERSION = YES;
				GCC_WARN_ABOUT_RETURN_TYPE = YES_ERROR;
				GCC_WARN_UNDECLARED_SELECTOR = YES;
				GCC_WARN_UNINITIALIZED_AUTOS = YES_AGGRESSIVE;
				GCC_WARN_UNUSED_FUNCTION = YES;
				GCC_WARN_UNUSED_VARIABLE = YES;
				IPHONEOS_DEPLOYMENT_TARGET = 10.2;
				MTL_ENABLE_DEBUG_INFO = YES;
				ONLY_ACTIVE_ARCH = YES;
				SDKROOT = iphoneos;
				SWIFT_ACTIVE_COMPILATION_CONDITIONS = DEBUG;
				SWIFT_OPTIMIZATION_LEVEL = "-Onone";
				TARGETED_DEVICE_FAMILY = "1,2";
			};
			name = Debug;
		};
		0C445BF11E8DFEFA00EC30D5 /* Release */ = {
			isa = XCBuildConfiguration;
			buildSettings = {
				ALWAYS_SEARCH_USER_PATHS = NO;
				CLANG_ANALYZER_LOCALIZABILITY_NONLOCALIZED = YES;
				CLANG_ANALYZER_NONNULL = YES;
				CLANG_CXX_LANGUAGE_STANDARD = "gnu++0x";
				CLANG_CXX_LIBRARY = "libc++";
				CLANG_ENABLE_MODULES = YES;
				CLANG_ENABLE_OBJC_ARC = YES;
				CLANG_WARN_BOOL_CONVERSION = YES;
				CLANG_WARN_CONSTANT_CONVERSION = YES;
				CLANG_WARN_DIRECT_OBJC_ISA_USAGE = YES_ERROR;
				CLANG_WARN_DOCUMENTATION_COMMENTS = YES;
				CLANG_WARN_EMPTY_BODY = YES;
				CLANG_WARN_ENUM_CONVERSION = YES;
				CLANG_WARN_INFINITE_RECURSION = YES;
				CLANG_WARN_INT_CONVERSION = YES;
				CLANG_WARN_OBJC_ROOT_CLASS = YES_ERROR;
				CLANG_WARN_SUSPICIOUS_MOVE = YES;
				CLANG_WARN_UNREACHABLE_CODE = YES;
				CLANG_WARN__DUPLICATE_METHOD_MATCH = YES;
				"CODE_SIGN_IDENTITY[sdk=iphoneos*]" = "iPhone Developer";
				COPY_PHASE_STRIP = NO;
				DEBUG_INFORMATION_FORMAT = "dwarf-with-dsym";
				ENABLE_NS_ASSERTIONS = NO;
				ENABLE_STRICT_OBJC_MSGSEND = YES;
				GCC_C_LANGUAGE_STANDARD = gnu99;
				GCC_NO_COMMON_BLOCKS = YES;
				GCC_WARN_64_TO_32_BIT_CONVERSION = YES;
				GCC_WARN_ABOUT_RETURN_TYPE = YES_ERROR;
				GCC_WARN_UNDECLARED_SELECTOR = YES;
				GCC_WARN_UNINITIALIZED_AUTOS = YES_AGGRESSIVE;
				GCC_WARN_UNUSED_FUNCTION = YES;
				GCC_WARN_UNUSED_VARIABLE = YES;
				IPHONEOS_DEPLOYMENT_TARGET = 10.2;
				MTL_ENABLE_DEBUG_INFO = NO;
				SDKROOT = iphoneos;
				SWIFT_OPTIMIZATION_LEVEL = "-Owholemodule";
				TARGETED_DEVICE_FAMILY = "1,2";
				VALIDATE_PRODUCT = YES;
			};
			name = Release;
		};
		0C445BF31E8DFEFA00EC30D5 /* Debug */ = {
			isa = XCBuildConfiguration;
			baseConfigurationReference = 1CCD0D5F16973D24EFDF1723 /* Pods-CenariusExample.debug.xcconfig */;
			buildSettings = {
				ASSETCATALOG_COMPILER_APPICON_NAME = AppIcon;
				CODE_SIGN_IDENTITY = "iPhone Developer: GuangYuan Su (397W7K422X)";
				DEVELOPMENT_TEAM = "";
				ENABLE_BITCODE = NO;
				INFOPLIST_FILE = CenariusExample/Info.plist;
				IPHONEOS_DEPLOYMENT_TARGET = 10.0;
				LD_RUNPATH_SEARCH_PATHS = "$(inherited) @executable_path/Frameworks";
				PRODUCT_BUNDLE_IDENTIFIER = com.m.CenariusExample;
				PRODUCT_NAME = "$(TARGET_NAME)";
				PROVISIONING_PROFILE = "a0227390-739b-482c-8d89-192ee66af4e9";
				PROVISIONING_PROFILE_SPECIFIER = development.all;
				SWIFT_VERSION = 3.0;
			};
			name = Debug;
		};
		0C445BF41E8DFEFA00EC30D5 /* Release */ = {
			isa = XCBuildConfiguration;
			baseConfigurationReference = 3D55837FA7B1BE5547CD17CD /* Pods-CenariusExample.release.xcconfig */;
			buildSettings = {
				ASSETCATALOG_COMPILER_APPICON_NAME = AppIcon;
				CODE_SIGN_IDENTITY = "iPhone Developer: GuangYuan Su (397W7K422X)";
				DEVELOPMENT_TEAM = "";
				ENABLE_BITCODE = NO;
				INFOPLIST_FILE = CenariusExample/Info.plist;
				IPHONEOS_DEPLOYMENT_TARGET = 10.0;
				LD_RUNPATH_SEARCH_PATHS = "$(inherited) @executable_path/Frameworks";
				PRODUCT_BUNDLE_IDENTIFIER = com.m.CenariusExample;
				PRODUCT_NAME = "$(TARGET_NAME)";
				PROVISIONING_PROFILE = "a0227390-739b-482c-8d89-192ee66af4e9";
				PROVISIONING_PROFILE_SPECIFIER = development.all;
				SWIFT_VERSION = 3.0;
			};
			name = Release;
		};
/* End XCBuildConfiguration section */

/* Begin XCConfigurationList section */
		0C445BDB1E8DFEFA00EC30D5 /* Build configuration list for PBXProject "CenariusExample" */ = {
			isa = XCConfigurationList;
			buildConfigurations = (
				0C445BF01E8DFEFA00EC30D5 /* Debug */,
				0C445BF11E8DFEFA00EC30D5 /* Release */,
			);
			defaultConfigurationIsVisible = 0;
			defaultConfigurationName = Release;
		};
		0C445BF21E8DFEFA00EC30D5 /* Build configuration list for PBXNativeTarget "CenariusExample" */ = {
			isa = XCConfigurationList;
			buildConfigurations = (
				0C445BF31E8DFEFA00EC30D5 /* Debug */,
				0C445BF41E8DFEFA00EC30D5 /* Release */,
			);
			defaultConfigurationIsVisible = 0;
			defaultConfigurationName = Release;
		};
/* End XCConfigurationList section */
	};
	rootObject = 0C445BD81E8DFEFA00EC30D5 /* Project object */;
}
