PODS:
  - Alamofire (4.5.0)
  - AsyncSwift (2.0.1)
  - HandyJSON (1.7.2)
  - ObjcExceptionBridging (1.0.1):
    - ObjcExceptionBridging/ObjcExceptionBridging (= 1.0.1)
  - ObjcExceptionBridging/ObjcExceptionBridging (1.0.1)
  - SnapKit (3.2.0)
  - SVProgressHUD (2.1.2)
  - SwiftyJSON (3.1.4)
  - Toaster (2.0.4)
  - XCGLogger (5.0.1):
    - XCGLogger/Core (= 5.0.1)
  - XCGLogger/Core (5.0.1):
    - ObjcExceptionBridging

DEPENDENCIES:
  - Alamofire
  - AsyncSwift
  - HandyJSON
  - SnapKit
  - SVProgressHUD
  - SwiftyJSON
  - Toaster
  - XCGLogger

SPEC CHECKSUMS:
  Alamofire: f28cdffd29de33a7bfa022cbd63ae95a27fae140
  AsyncSwift: 632138e42ead868b53c745fcde9bf733ce1527ad
  HandyJSON: e7ad0483005826baba1d1c251cd98d0aa8bd8cce
  ObjcExceptionBridging: c30e00eb3700467e695faeea30e26e18bd445001
  SnapKit: 1ca44df72cfa543218d177cb8aab029d10d86ea7
  SVProgressHUD: c404a55d78acbeb7ebb78b76d3faf986475a6994
  SwiftyJSON: c2842d878f95482ffceec5709abc3d05680c0220
  Toaster: f13031c636ef065281bc11857be9a16c7659e04f
  XCGLogger: 0b43697155d41e4a1b15fc776f319c2141646b09

PODFILE CHECKSUM: bbf2f54135df85d823b6d209ad5878479e61c66f

COCOAPODS: 1.2.1
