// !$*UTF8*$!
{
	archiveVersion = 1;
	classes = {
	};
	objectVersion = 46;
	objects = {

/* Begin PBXBuildFile section */
		0C4C683B1E9CDB3500C52FB5 /* String+Cenarius.swift in Sources */ = {isa = PBXBuildFile; fileRef = 0C4C683A1E9CDB3500C52FB5 /* String+Cenarius.swift */; };
		0C4C683E1E9DC69200C52FB5 /* WeexViewController.swift in Sources */ = {isa = PBXBuildFile; fileRef = 0C4C683D1E9DC69200C52FB5 /* WeexViewController.swift */; };
		0C4C68411E9DCA5700C52FB5 /* WXImgLoaderDefaultImpl.swift in Sources */ = {isa = PBXBuildFile; fileRef = 0C4C68401E9DCA5700C52FB5 /* WXImgLoaderDefaultImpl.swift */; };
		0C4C68441E9DF81200C52FB5 /* WXSelectComponent.swift in Sources */ = {isa = PBXBuildFile; fileRef = 0C4C68431E9DF81200C52FB5 /* WXSelectComponent.swift */; };
		0C5B26E91EA4A96800CA692D /* WXEventModule.h in Headers */ = {isa = PBXBuildFile; fileRef = 0C5B26E71EA4A96800CA692D /* WXEventModule.h */; settings = {ATTRIBUTES = (Public, ); }; };
		0C5B26EA1EA4A96800CA692D /* WXEventModule.m in Sources */ = {isa = PBXBuildFile; fileRef = 0C5B26E81EA4A96800CA692D /* WXEventModule.m */; };
		0C5B26ED1EA4AA7100CA692D /* WXEventModule.swift in Sources */ = {isa = PBXBuildFile; fileRef = 0C5B26EC1EA4AA7100CA692D /* WXEventModule.swift */; };
		0C5B26F41EA5B11000CA692D /* Interceptor.swift in Sources */ = {isa = PBXBuildFile; fileRef = 0C5B26F31EA5B11000CA692D /* Interceptor.swift */; };
		0C5B26F61EA5B2A200CA692D /* RouteInterceptor.swift in Sources */ = {isa = PBXBuildFile; fileRef = 0C5B26F51EA5B2A200CA692D /* RouteInterceptor.swift */; };
		0C5B26F91EA5B9B100CA692D /* Route.swift in Sources */ = {isa = PBXBuildFile; fileRef = 0C5B26F81EA5B9B100CA692D /* Route.swift */; };
		0C5B26FB1EA5E51400CA692D /* RouteProtocol.swift in Sources */ = {isa = PBXBuildFile; fileRef = 0C5B26FA1EA5E51400CA692D /* RouteProtocol.swift */; };
		0C5B26FD1EA5E52900CA692D /* InterceptorProtocol.swift in Sources */ = {isa = PBXBuildFile; fileRef = 0C5B26FC1EA5E52900CA692D /* InterceptorProtocol.swift */; };
		0C5B26FF1EA5E9C600CA692D /* UIApplication+Cenarius.swift in Sources */ = {isa = PBXBuildFile; fileRef = 0C5B26FE1EA5E9C600CA692D /* UIApplication+Cenarius.swift */; };
		0C5B27011EA5FE1B00CA692D /* URL+Cenarius.swift in Sources */ = {isa = PBXBuildFile; fileRef = 0C5B27001EA5FE1B00CA692D /* URL+Cenarius.swift */; };
		0C6CA9CA1E9B31B300F94C7C /* OpenApi.swift in Sources */ = {isa = PBXBuildFile; fileRef = 0C6CA9C91E9B31B300F94C7C /* OpenApi.swift */; };
		0C9CD0561EA7472800BE40BB /* Network.swift in Sources */ = {isa = PBXBuildFile; fileRef = 0C9CD0551EA7472800BE40BB /* Network.swift */; };
		0C9CD0581EA75BE800BE40BB /* NetworkManager.swift in Sources */ = {isa = PBXBuildFile; fileRef = 0C9CD0571EA75BE800BE40BB /* NetworkManager.swift */; };
		0C9CD05B1EA83F9900BE40BB /* Log.swift in Sources */ = {isa = PBXBuildFile; fileRef = 0C9CD05A1EA83F9900BE40BB /* Log.swift */; };
		0CBCCD901E8DF44500A2D1A2 /* Cenarius.h in Headers */ = {isa = PBXBuildFile; fileRef = 0CBCCD8E1E8DF44500A2D1A2 /* Cenarius.h */; settings = {ATTRIBUTES = (Public, ); }; };
		0CBCCDAF1E8DFBAA00A2D1A2 /* UpdateManager.swift in Sources */ = {isa = PBXBuildFile; fileRef = 0CBCCDAC1E8DFBAA00A2D1A2 /* UpdateManager.swift */; };
		0CBCCDB01E8DFBAA00A2D1A2 /* File.swift in Sources */ = {isa = PBXBuildFile; fileRef = 0CBCCDAD1E8DFBAA00A2D1A2 /* File.swift */; };
		0CBCCDB11E8DFBAA00A2D1A2 /* Config.swift in Sources */ = {isa = PBXBuildFile; fileRef = 0CBCCDAE1E8DFBAA00A2D1A2 /* Config.swift */; };
		0CC7FC471EA9D6590051F05A /* WebViewController.swift in Sources */ = {isa = PBXBuildFile; fileRef = 0CC7FC461EA9D6590051F05A /* WebViewController.swift */; };
		0CC7FC491EAA07250051F05A /* ToastInterceptor.swift in Sources */ = {isa = PBXBuildFile; fileRef = 0CC7FC481EAA07250051F05A /* ToastInterceptor.swift */; };
		9792FD6945A2030FE578299F /* Pods_Cenarius.framework in Frameworks */ = {isa = PBXBuildFile; fileRef = ED503D440784B6F7CE7F2973 /* Pods_Cenarius.framework */; };
/* End PBXBuildFile section */

/* Begin PBXFileReference section */
		0C4C683A1E9CDB3500C52FB5 /* String+Cenarius.swift */ = {isa = PBXFileReference; fileEncoding = 4; lastKnownFileType = sourcecode.swift; path = "String+Cenarius.swift"; sourceTree = "<group>"; };
		0C4C683D1E9DC69200C52FB5 /* WeexViewController.swift */ = {isa = PBXFileReference; fileEncoding = 4; lastKnownFileType = sourcecode.swift; path = WeexViewController.swift; sourceTree = "<group>"; };
		0C4C68401E9DCA5700C52FB5 /* WXImgLoaderDefaultImpl.swift */ = {isa = PBXFileReference; fileEncoding = 4; lastKnownFileType = sourcecode.swift; path = WXImgLoaderDefaultImpl.swift; sourceTree = "<group>"; };
		0C4C68431E9DF81200C52FB5 /* WXSelectComponent.swift */ = {isa = PBXFileReference; fileEncoding = 4; lastKnownFileType = sourcecode.swift; path = WXSelectComponent.swift; sourceTree = "<group>"; };
		0C5B26E71EA4A96800CA692D /* WXEventModule.h */ = {isa = PBXFileReference; fileEncoding = 4; lastKnownFileType = sourcecode.c.h; path = WXEventModule.h; sourceTree = "<group>"; };
		0C5B26E81EA4A96800CA692D /* WXEventModule.m */ = {isa = PBXFileReference; fileEncoding = 4; lastKnownFileType = sourcecode.c.objc; path = WXEventModule.m; sourceTree = "<group>"; };
		0C5B26EC1EA4AA7100CA692D /* WXEventModule.swift */ = {isa = PBXFileReference; fileEncoding = 4; lastKnownFileType = sourcecode.swift; path = WXEventModule.swift; sourceTree = "<group>"; };
		0C5B26F31EA5B11000CA692D /* Interceptor.swift */ = {isa = PBXFileReference; fileEncoding = 4; lastKnownFileType = sourcecode.swift; path = Interceptor.swift; sourceTree = "<group>"; };
		0C5B26F51EA5B2A200CA692D /* RouteInterceptor.swift */ = {isa = PBXFileReference; fileEncoding = 4; lastKnownFileType = sourcecode.swift; path = RouteInterceptor.swift; sourceTree = "<group>"; };
		0C5B26F81EA5B9B100CA692D /* Route.swift */ = {isa = PBXFileReference; fileEncoding = 4; lastKnownFileType = sourcecode.swift; path = Route.swift; sourceTree = "<group>"; };
		0C5B26FA1EA5E51400CA692D /* RouteProtocol.swift */ = {isa = PBXFileReference; fileEncoding = 4; lastKnownFileType = sourcecode.swift; path = RouteProtocol.swift; sourceTree = "<group>"; };
		0C5B26FC1EA5E52900CA692D /* InterceptorProtocol.swift */ = {isa = PBXFileReference; fileEncoding = 4; lastKnownFileType = sourcecode.swift; path = InterceptorProtocol.swift; sourceTree = "<group>"; };
		0C5B26FE1EA5E9C600CA692D /* UIApplication+Cenarius.swift */ = {isa = PBXFileReference; fileEncoding = 4; lastKnownFileType = sourcecode.swift; path = "UIApplication+Cenarius.swift"; sourceTree = "<group>"; };
		0C5B27001EA5FE1B00CA692D /* URL+Cenarius.swift */ = {isa = PBXFileReference; fileEncoding = 4; lastKnownFileType = sourcecode.swift; path = "URL+Cenarius.swift"; sourceTree = "<group>"; };
		0C6CA9C91E9B31B300F94C7C /* OpenApi.swift */ = {isa = PBXFileReference; fileEncoding = 4; lastKnownFileType = sourcecode.swift; path = OpenApi.swift; sourceTree = "<group>"; };
		0C9CD0551EA7472800BE40BB /* Network.swift */ = {isa = PBXFileReference; fileEncoding = 4; lastKnownFileType = sourcecode.swift; path = Network.swift; sourceTree = "<group>"; };
		0C9CD0571EA75BE800BE40BB /* NetworkManager.swift */ = {isa = PBXFileReference; fileEncoding = 4; lastKnownFileType = sourcecode.swift; path = NetworkManager.swift; sourceTree = "<group>"; };
		0C9CD05A1EA83F9900BE40BB /* Log.swift */ = {isa = PBXFileReference; fileEncoding = 4; lastKnownFileType = sourcecode.swift; path = Log.swift; sourceTree = "<group>"; };
		0CBCCD8B1E8DF44500A2D1A2 /* Cenarius.framework */ = {isa = PBXFileReference; explicitFileType = wrapper.framework; includeInIndex = 0; path = Cenarius.framework; sourceTree = BUILT_PRODUCTS_DIR; };
		0CBCCD8E1E8DF44500A2D1A2 /* Cenarius.h */ = {isa = PBXFileReference; lastKnownFileType = sourcecode.c.h; path = Cenarius.h; sourceTree = "<group>"; };
		0CBCCD8F1E8DF44500A2D1A2 /* Info.plist */ = {isa = PBXFileReference; lastKnownFileType = text.plist.xml; path = Info.plist; sourceTree = "<group>"; };
		0CBCCDAC1E8DFBAA00A2D1A2 /* UpdateManager.swift */ = {isa = PBXFileReference; fileEncoding = 4; lastKnownFileType = sourcecode.swift; path = UpdateManager.swift; sourceTree = "<group>"; };
		0CBCCDAD1E8DFBAA00A2D1A2 /* File.swift */ = {isa = PBXFileReference; fileEncoding = 4; lastKnownFileType = sourcecode.swift; path = File.swift; sourceTree = "<group>"; };
		0CBCCDAE1E8DFBAA00A2D1A2 /* Config.swift */ = {isa = PBXFileReference; fileEncoding = 4; lastKnownFileType = sourcecode.swift; path = Config.swift; sourceTree = "<group>"; };
		0CC7FC461EA9D6590051F05A /* WebViewController.swift */ = {isa = PBXFileReference; fileEncoding = 4; lastKnownFileType = sourcecode.swift; path = WebViewController.swift; sourceTree = "<group>"; };
		0CC7FC481EAA07250051F05A /* ToastInterceptor.swift */ = {isa = PBXFileReference; fileEncoding = 4; lastKnownFileType = sourcecode.swift; path = ToastInterceptor.swift; sourceTree = "<group>"; };
		62A234A14EA6BB1D011259CC /* Pods-Cenarius.release.xcconfig */ = {isa = PBXFileReference; includeInIndex = 1; lastKnownFileType = text.xcconfig; name = "Pods-Cenarius.release.xcconfig"; path = "Pods/Target Support Files/Pods-Cenarius/Pods-Cenarius.release.xcconfig"; sourceTree = "<group>"; };
		B2E3037E452FCB6ECF11FF7C /* Pods-Cenarius.debug.xcconfig */ = {isa = PBXFileReference; includeInIndex = 1; lastKnownFileType = text.xcconfig; name = "Pods-Cenarius.debug.xcconfig"; path = "Pods/Target Support Files/Pods-Cenarius/Pods-Cenarius.debug.xcconfig"; sourceTree = "<group>"; };
		ED503D440784B6F7CE7F2973 /* Pods_Cenarius.framework */ = {isa = PBXFileReference; explicitFileType = wrapper.framework; includeInIndex = 0; path = Pods_Cenarius.framework; sourceTree = BUILT_PRODUCTS_DIR; };
/* End PBXFileReference section */

/* Begin PBXFrameworksBuildPhase section */
		0CBCCD871E8DF44500A2D1A2 /* Frameworks */ = {
			isa = PBXFrameworksBuildPhase;
			buildActionMask = 2147483647;
			files = (
				9792FD6945A2030FE578299F /* Pods_Cenarius.framework in Frameworks */,
			);
			runOnlyForDeploymentPostprocessing = 0;
		};
/* End PBXFrameworksBuildPhase section */

/* Begin PBXGroup section */
		0C4C68391E9CD9C000C52FB5 /* Extension */ = {
			isa = PBXGroup;
			children = (
				0C4C683A1E9CDB3500C52FB5 /* String+Cenarius.swift */,
				0C5B26FE1EA5E9C600CA692D /* UIApplication+Cenarius.swift */,
				0C5B27001EA5FE1B00CA692D /* URL+Cenarius.swift */,
			);
			name = Extension;
			sourceTree = "<group>";
		};
		0C4C683C1E9DC67A00C52FB5 /* Weex */ = {
			isa = PBXGroup;
			children = (
				0C4C683D1E9DC69200C52FB5 /* WeexViewController.swift */,
				0C4C68421E9DF71400C52FB5 /* Component */,
				0C4C683F1E9DCA1600C52FB5 /* Handle */,
				0C5B26D81EA4A25700CA692D /* Module */,
			);
			name = Weex;
			sourceTree = "<group>";
		};
		0C4C683F1E9DCA1600C52FB5 /* Handle */ = {
			isa = PBXGroup;
			children = (
				0C4C68401E9DCA5700C52FB5 /* WXImgLoaderDefaultImpl.swift */,
			);
			name = Handle;
			sourceTree = "<group>";
		};
		0C4C68421E9DF71400C52FB5 /* Component */ = {
			isa = PBXGroup;
			children = (
				0C4C68431E9DF81200C52FB5 /* WXSelectComponent.swift */,
			);
			name = Component;
			sourceTree = "<group>";
		};
		0C5B26D81EA4A25700CA692D /* Module */ = {
			isa = PBXGroup;
			children = (
				0C5B26E71EA4A96800CA692D /* WXEventModule.h */,
				0C5B26E81EA4A96800CA692D /* WXEventModule.m */,
				0C5B26EC1EA4AA7100CA692D /* WXEventModule.swift */,
			);
			name = Module;
			sourceTree = "<group>";
		};
		0C5B26F01EA4D08200CA692D /* Native */ = {
			isa = PBXGroup;
			children = (
			);
			name = Native;
			sourceTree = "<group>";
		};
		0C5B26F11EA4D09F00CA692D /* Web */ = {
			isa = PBXGroup;
			children = (
				0CC7FC461EA9D6590051F05A /* WebViewController.swift */,
				0CBCCDB51E8DFBC500A2D1A2 /* Interceptor */,
			);
			name = Web;
			sourceTree = "<group>";
		};
		0C5B26F71EA5B99D00CA692D /* Route */ = {
			isa = PBXGroup;
			children = (
				0C5B26F81EA5B9B100CA692D /* Route.swift */,
				0C5B26FA1EA5E51400CA692D /* RouteProtocol.swift */,
			);
			name = Route;
			sourceTree = "<group>";
		};
		0C9CD0541EA7450D00BE40BB /* Network */ = {
			isa = PBXGroup;
			children = (
				0C9CD0551EA7472800BE40BB /* Network.swift */,
				0C9CD0571EA75BE800BE40BB /* NetworkManager.swift */,
				0C6CA9C91E9B31B300F94C7C /* OpenApi.swift */,
			);
			name = Network;
			sourceTree = "<group>";
		};
		0C9CD0591EA83F8800BE40BB /* Log */ = {
			isa = PBXGroup;
			children = (
				0C9CD05A1EA83F9900BE40BB /* Log.swift */,
			);
			name = Log;
			sourceTree = "<group>";
		};
		0CBCCD811E8DF44500A2D1A2 = {
			isa = PBXGroup;
			children = (
				0CBCCD8D1E8DF44500A2D1A2 /* Cenarius */,
				0CBCCD8C1E8DF44500A2D1A2 /* Products */,
				95156EB6DD85973A8D3EED2F /* Pods */,
				75DE8C8098C5FB9F686740B5 /* Frameworks */,
			);
			sourceTree = "<group>";
		};
		0CBCCD8C1E8DF44500A2D1A2 /* Products */ = {
			isa = PBXGroup;
			children = (
				0CBCCD8B1E8DF44500A2D1A2 /* Cenarius.framework */,
			);
			name = Products;
			sourceTree = "<group>";
		};
		0CBCCD8D1E8DF44500A2D1A2 /* Cenarius */ = {
			isa = PBXGroup;
			children = (
				0C5B26F11EA4D09F00CA692D /* Web */,
				0C5B26F01EA4D08200CA692D /* Native */,
				0C4C683C1E9DC67A00C52FB5 /* Weex */,
				0C4C68391E9CD9C000C52FB5 /* Extension */,
				0CBCCDAB1E8DFB1900A2D1A2 /* Update */,
				0C9CD0541EA7450D00BE40BB /* Network */,
				0C5B26F71EA5B99D00CA692D /* Route */,
				0C9CD0591EA83F8800BE40BB /* Log */,
				0CBCCD991E8DF67100A2D1A2 /* Supporting Files */,
			);
			path = Cenarius;
			sourceTree = "<group>";
		};
		0CBCCD991E8DF67100A2D1A2 /* Supporting Files */ = {
			isa = PBXGroup;
			children = (
				0CBCCD8E1E8DF44500A2D1A2 /* Cenarius.h */,
				0CBCCD8F1E8DF44500A2D1A2 /* Info.plist */,
			);
			name = "Supporting Files";
			sourceTree = "<group>";
		};
		0CBCCDAB1E8DFB1900A2D1A2 /* Update */ = {
			isa = PBXGroup;
			children = (
				0CBCCDAC1E8DFBAA00A2D1A2 /* UpdateManager.swift */,
				0CBCCDAD1E8DFBAA00A2D1A2 /* File.swift */,
				0CBCCDAE1E8DFBAA00A2D1A2 /* Config.swift */,
			);
			name = Update;
			sourceTree = "<group>";
		};
		0CBCCDB51E8DFBC500A2D1A2 /* Interceptor */ = {
			isa = PBXGroup;
			children = (
				0C5B26F31EA5B11000CA692D /* Interceptor.swift */,
				0C5B26FC1EA5E52900CA692D /* InterceptorProtocol.swift */,
				0C5B26F51EA5B2A200CA692D /* RouteInterceptor.swift */,
				0CC7FC481EAA07250051F05A /* ToastInterceptor.swift */,
			);
			name = Interceptor;
			sourceTree = "<group>";
		};
		75DE8C8098C5FB9F686740B5 /* Frameworks */ = {
			isa = PBXGroup;
			children = (
				ED503D440784B6F7CE7F2973 /* Pods_Cenarius.framework */,
			);
			name = Frameworks;
			sourceTree = "<group>";
		};
		95156EB6DD85973A8D3EED2F /* Pods */ = {
			isa = PBXGroup;
			children = (
				B2E3037E452FCB6ECF11FF7C /* Pods-Cenarius.debug.xcconfig */,
				62A234A14EA6BB1D011259CC /* Pods-Cenarius.release.xcconfig */,
			);
			name = Pods;
			sourceTree = "<group>";
		};
/* End PBXGroup section */

/* Begin PBXHeadersBuildPhase section */
		0CBCCD881E8DF44500A2D1A2 /* Headers */ = {
			isa = PBXHeadersBuildPhase;
			buildActionMask = 2147483647;
			files = (
				0C5B26E91EA4A96800CA692D /* WXEventModule.h in Headers */,
				0CBCCD901E8DF44500A2D1A2 /* Cenarius.h in Headers */,
			);
			runOnlyForDeploymentPostprocessing = 0;
		};
/* End PBXHeadersBuildPhase section */

/* Begin PBXNativeTarget section */
		0CBCCD8A1E8DF44500A2D1A2 /* Cenarius */ = {
			isa = PBXNativeTarget;
			buildConfigurationList = 0CBCCD931E8DF44500A2D1A2 /* Build configuration list for PBXNativeTarget "Cenarius" */;
			buildPhases = (
				1DD743D1E5CA36765ED9B27B /* [CP] Check Pods Manifest.lock */,
				0CBCCD861E8DF44500A2D1A2 /* Sources */,
				0CBCCD871E8DF44500A2D1A2 /* Frameworks */,
				0CBCCD881E8DF44500A2D1A2 /* Headers */,
				0CBCCD891E8DF44500A2D1A2 /* Resources */,
				0969FC616D32D1FDE0AD97D2 /* [CP] Copy Pods Resources */,
			);
			buildRules = (
			);
			dependencies = (
			);
			name = Cenarius;
			productName = Cenarius;
			productReference = 0CBCCD8B1E8DF44500A2D1A2 /* Cenarius.framework */;
			productType = "com.apple.product-type.framework";
		};
/* End PBXNativeTarget section */

/* Begin PBXProject section */
		0CBCCD821E8DF44500A2D1A2 /* Project object */ = {
			isa = PBXProject;
			attributes = {
				LastUpgradeCheck = 0820;
				ORGANIZATIONNAME = M;
				TargetAttributes = {
					0CBCCD8A1E8DF44500A2D1A2 = {
						CreatedOnToolsVersion = 8.2.1;
						LastSwiftMigration = 0830;
						ProvisioningStyle = Automatic;
					};
				};
			};
			buildConfigurationList = 0CBCCD851E8DF44500A2D1A2 /* Build configuration list for PBXProject "Cenarius" */;
			compatibilityVersion = "Xcode 3.2";
			developmentRegion = English;
			hasScannedForEncodings = 0;
			knownRegions = (
				en,
			);
			mainGroup = 0CBCCD811E8DF44500A2D1A2;
			productRefGroup = 0CBCCD8C1E8DF44500A2D1A2 /* Products */;
			projectDirPath = "";
			projectRoot = "";
			targets = (
				0CBCCD8A1E8DF44500A2D1A2 /* Cenarius */,
			);
		};
/* End PBXProject section */

/* Begin PBXResourcesBuildPhase section */
		0CBCCD891E8DF44500A2D1A2 /* Resources */ = {
			isa = PBXResourcesBuildPhase;
			buildActionMask = 2147483647;
			files = (
			);
			runOnlyForDeploymentPostprocessing = 0;
		};
/* End PBXResourcesBuildPhase section */

/* Begin PBXShellScriptBuildPhase section */
		0969FC616D32D1FDE0AD97D2 /* [CP] Copy Pods Resources */ = {
			isa = PBXShellScriptBuildPhase;
			buildActionMask = 2147483647;
			files = (
			);
			inputPaths = (
			);
			name = "[CP] Copy Pods Resources";
			outputPaths = (
			);
			runOnlyForDeploymentPostprocessing = 0;
			shellPath = /bin/sh;
			shellScript = "\"${SRCROOT}/Pods/Target Support Files/Pods-Cenarius/Pods-Cenarius-resources.sh\"\n";
			showEnvVarsInLog = 0;
		};
		1DD743D1E5CA36765ED9B27B /* [CP] Check Pods Manifest.lock */ = {
			isa = PBXShellScriptBuildPhase;
			buildActionMask = 2147483647;
			files = (
			);
			inputPaths = (
			);
			name = "[CP] Check Pods Manifest.lock";
			outputPaths = (
			);
			runOnlyForDeploymentPostprocessing = 0;
			shellPath = /bin/sh;
			shellScript = "diff \"${PODS_PODFILE_DIR_PATH}/Podfile.lock\" \"${PODS_ROOT}/Manifest.lock\" > /dev/null\nif [ $? != 0 ] ; then\n    # print error to STDERR\n    echo \"error: The sandbox is not in sync with the Podfile.lock. Run 'pod install' or update your CocoaPods installation.\" >&2\n    exit 1\nfi\n";
			showEnvVarsInLog = 0;
		};
/* End PBXShellScriptBuildPhase section */

/* Begin PBXSourcesBuildPhase section */
		0CBCCD861E8DF44500A2D1A2 /* Sources */ = {
			isa = PBXSourcesBuildPhase;
			buildActionMask = 2147483647;
			files = (
				0C5B26FF1EA5E9C600CA692D /* UIApplication+Cenarius.swift in Sources */,
				0C4C683B1E9CDB3500C52FB5 /* String+Cenarius.swift in Sources */,
				0C5B26FB1EA5E51400CA692D /* RouteProtocol.swift in Sources */,
				0C4C68411E9DCA5700C52FB5 /* WXImgLoaderDefaultImpl.swift in Sources */,
				0CC7FC471EA9D6590051F05A /* WebViewController.swift in Sources */,
				0C4C683E1E9DC69200C52FB5 /* WeexViewController.swift in Sources */,
				0C4C68441E9DF81200C52FB5 /* WXSelectComponent.swift in Sources */,
				0C5B26FD1EA5E52900CA692D /* InterceptorProtocol.swift in Sources */,
				0CBCCDB01E8DFBAA00A2D1A2 /* File.swift in Sources */,
				0C9CD05B1EA83F9900BE40BB /* Log.swift in Sources */,
				0C5B26F91EA5B9B100CA692D /* Route.swift in Sources */,
				0C5B26ED1EA4AA7100CA692D /* WXEventModule.swift in Sources */,
				0C5B26EA1EA4A96800CA692D /* WXEventModule.m in Sources */,
				0C5B27011EA5FE1B00CA692D /* URL+Cenarius.swift in Sources */,
				0C9CD0581EA75BE800BE40BB /* NetworkManager.swift in Sources */,
				0CC7FC491EAA07250051F05A /* ToastInterceptor.swift in Sources */,
				0C9CD0561EA7472800BE40BB /* Network.swift in Sources */,
				0C5B26F41EA5B11000CA692D /* Interceptor.swift in Sources */,
				0CBCCDB11E8DFBAA00A2D1A2 /* Config.swift in Sources */,
				0C6CA9CA1E9B31B300F94C7C /* OpenApi.swift in Sources */,
				0C5B26F61EA5B2A200CA692D /* RouteInterceptor.swift in Sources */,
				0CBCCDAF1E8DFBAA00A2D1A2 /* UpdateManager.swift in Sources */,
			);
			runOnlyForDeploymentPostprocessing = 0;
		};
/* End PBXSourcesBuildPhase section */

/* Begin XCBuildConfiguration section */
		0CBCCD911E8DF44500A2D1A2 /* Debug */ = {
			isa = XCBuildConfiguration;
			buildSettings = {
				ALWAYS_SEARCH_USER_PATHS = NO;
				CLANG_ANALYZER_NONNULL = YES;
				CLANG_CXX_LANGUAGE_STANDARD = "gnu++0x";
				CLANG_CXX_LIBRARY = "libc++";
				CLANG_ENABLE_MODULES = YES;
				CLANG_ENABLE_OBJC_ARC = YES;
				CLANG_WARN_BOOL_CONVERSION = YES;
				CLANG_WARN_CONSTANT_CONVERSION = YES;
				CLANG_WARN_DIRECT_OBJC_ISA_USAGE = YES_ERROR;
				CLANG_WARN_DOCUMENTATION_COMMENTS = YES;
				CLANG_WARN_EMPTY_BODY = YES;
				CLANG_WARN_ENUM_CONVERSION = YES;
				CLANG_WARN_INFINITE_RECURSION = YES;
				CLANG_WARN_INT_CONVERSION = YES;
				CLANG_WARN_OBJC_ROOT_CLASS = YES_ERROR;
				CLANG_WARN_SUSPICIOUS_MOVE = YES;
				CLANG_WARN_UNREACHABLE_CODE = YES;
				CLANG_WARN__DUPLICATE_METHOD_MATCH = YES;
				"CODE_SIGN_IDENTITY[sdk=iphoneos*]" = "iPhone Developer";
				COPY_PHASE_STRIP = NO;
				CURRENT_PROJECT_VERSION = 1;
				DEBUG_INFORMATION_FORMAT = dwarf;
				ENABLE_STRICT_OBJC_MSGSEND = YES;
				ENABLE_TESTABILITY = YES;
				GCC_C_LANGUAGE_STANDARD = gnu99;
				GCC_DYNAMIC_NO_PIC = NO;
				GCC_NO_COMMON_BLOCKS = YES;
				GCC_OPTIMIZATION_LEVEL = 0;
				GCC_PREPROCESSOR_DEFINITIONS = (
					"DEBUG=1",
					"$(inherited)",
				);
				GCC_WARN_64_TO_32_BIT_CONVERSION = YES;
				GCC_WARN_ABOUT_RETURN_TYPE = YES_ERROR;
				GCC_WARN_UNDECLARED_SELECTOR = YES;
				GCC_WARN_UNINITIALIZED_AUTOS = YES_AGGRESSIVE;
				GCC_WARN_UNUSED_FUNCTION = YES;
				GCC_WARN_UNUSED_VARIABLE = YES;
				IPHONEOS_DEPLOYMENT_TARGET = 10.2;
				MTL_ENABLE_DEBUG_INFO = YES;
				ONLY_ACTIVE_ARCH = YES;
				SDKROOT = iphoneos;
				SWIFT_ACTIVE_COMPILATION_CONDITIONS = DEBUG;
				SWIFT_OPTIMIZATION_LEVEL = "-Onone";
				TARGETED_DEVICE_FAMILY = "1,2";
				VERSIONING_SYSTEM = "apple-generic";
				VERSION_INFO_PREFIX = "";
			};
			name = Debug;
		};
		0CBCCD921E8DF44500A2D1A2 /* Release */ = {
			isa = XCBuildConfiguration;
			buildSettings = {
				ALWAYS_SEARCH_USER_PATHS = NO;
				CLANG_ANALYZER_NONNULL = YES;
				CLANG_CXX_LANGUAGE_STANDARD = "gnu++0x";
				CLANG_CXX_LIBRARY = "libc++";
				CLANG_ENABLE_MODULES = YES;
				CLANG_ENABLE_OBJC_ARC = YES;
				CLANG_WARN_BOOL_CONVERSION = YES;
				CLANG_WARN_CONSTANT_CONVERSION = YES;
				CLANG_WARN_DIRECT_OBJC_ISA_USAGE = YES_ERROR;
				CLANG_WARN_DOCUMENTATION_COMMENTS = YES;
				CLANG_WARN_EMPTY_BODY = YES;
				CLANG_WARN_ENUM_CONVERSION = YES;
				CLANG_WARN_INFINITE_RECURSION = YES;
				CLANG_WARN_INT_CONVERSION = YES;
				CLANG_WARN_OBJC_ROOT_CLASS = YES_ERROR;
				CLANG_WARN_SUSPICIOUS_MOVE = YES;
				CLANG_WARN_UNREACHABLE_CODE = YES;
				CLANG_WARN__DUPLICATE_METHOD_MATCH = YES;
				"CODE_SIGN_IDENTITY[sdk=iphoneos*]" = "iPhone Developer";
				COPY_PHASE_STRIP = NO;
				CURRENT_PROJECT_VERSION = 1;
				DEBUG_INFORMATION_FORMAT = "dwarf-with-dsym";
				ENABLE_NS_ASSERTIONS = NO;
				ENABLE_STRICT_OBJC_MSGSEND = YES;
				GCC_C_LANGUAGE_STANDARD = gnu99;
				GCC_NO_COMMON_BLOCKS = YES;
				GCC_WARN_64_TO_32_BIT_CONVERSION = YES;
				GCC_WARN_ABOUT_RETURN_TYPE = YES_ERROR;
				GCC_WARN_UNDECLARED_SELECTOR = YES;
				GCC_WARN_UNINITIALIZED_AUTOS = YES_AGGRESSIVE;
				GCC_WARN_UNUSED_FUNCTION = YES;
				GCC_WARN_UNUSED_VARIABLE = YES;
				IPHONEOS_DEPLOYMENT_TARGET = 10.2;
				MTL_ENABLE_DEBUG_INFO = NO;
				SDKROOT = iphoneos;
				SWIFT_OPTIMIZATION_LEVEL = "-Owholemodule";
				TARGETED_DEVICE_FAMILY = "1,2";
				VALIDATE_PRODUCT = YES;
				VERSIONING_SYSTEM = "apple-generic";
				VERSION_INFO_PREFIX = "";
			};
			name = Release;
		};
		0CBCCD941E8DF44500A2D1A2 /* Debug */ = {
			isa = XCBuildConfiguration;
			baseConfigurationReference = B2E3037E452FCB6ECF11FF7C /* Pods-Cenarius.debug.xcconfig */;
			buildSettings = {
				CLANG_ENABLE_MODULES = YES;
				CODE_SIGN_IDENTITY = "";
				DEFINES_MODULE = YES;
				DYLIB_COMPATIBILITY_VERSION = 1;
				DYLIB_CURRENT_VERSION = 1;
				DYLIB_INSTALL_NAME_BASE = "@rpath";
				INFOPLIST_FILE = Cenarius/Info.plist;
				INSTALL_PATH = "$(LOCAL_LIBRARY_DIR)/Frameworks";
				LD_RUNPATH_SEARCH_PATHS = "$(inherited) @executable_path/Frameworks @loader_path/Frameworks";
				PRODUCT_BUNDLE_IDENTIFIER = com.m.Cenarius;
				PRODUCT_NAME = "$(TARGET_NAME)";
				SKIP_INSTALL = YES;
				SWIFT_OBJC_BRIDGING_HEADER = "";
				SWIFT_OPTIMIZATION_LEVEL = "-Onone";
				SWIFT_VERSION = 3.0;
			};
			name = Debug;
		};
		0CBCCD951E8DF44500A2D1A2 /* Release */ = {
			isa = XCBuildConfiguration;
			baseConfigurationReference = 62A234A14EA6BB1D011259CC /* Pods-Cenarius.release.xcconfig */;
			buildSettings = {
				CLANG_ENABLE_MODULES = YES;
				CODE_SIGN_IDENTITY = "";
				DEFINES_MODULE = YES;
				DYLIB_COMPATIBILITY_VERSION = 1;
				DYLIB_CURRENT_VERSION = 1;
				DYLIB_INSTALL_NAME_BASE = "@rpath";
				INFOPLIST_FILE = Cenarius/Info.plist;
				INSTALL_PATH = "$(LOCAL_LIBRARY_DIR)/Frameworks";
				LD_RUNPATH_SEARCH_PATHS = "$(inherited) @executable_path/Frameworks @loader_path/Frameworks";
				PRODUCT_BUNDLE_IDENTIFIER = com.m.Cenarius;
				PRODUCT_NAME = "$(TARGET_NAME)";
				SKIP_INSTALL = YES;
				SWIFT_OBJC_BRIDGING_HEADER = "";
				SWIFT_VERSION = 3.0;
			};
			name = Release;
		};
/* End XCBuildConfiguration section */

/* Begin XCConfigurationList section */
		0CBCCD851E8DF44500A2D1A2 /* Build configuration list for PBXProject "Cenarius" */ = {
			isa = XCConfigurationList;
			buildConfigurations = (
				0CBCCD911E8DF44500A2D1A2 /* Debug */,
				0CBCCD921E8DF44500A2D1A2 /* Release */,
			);
			defaultConfigurationIsVisible = 0;
			defaultConfigurationName = Release;
		};
		0CBCCD931E8DF44500A2D1A2 /* Build configuration list for PBXNativeTarget "Cenarius" */ = {
			isa = XCConfigurationList;
			buildConfigurations = (
				0CBCCD941E8DF44500A2D1A2 /* Debug */,
				0CBCCD951E8DF44500A2D1A2 /* Release */,
			);
			defaultConfigurationIsVisible = 0;
			defaultConfigurationName = Release;
		};
/* End XCConfigurationList section */
	};
	rootObject = 0CBCCD821E8DF44500A2D1A2 /* Project object */;
}
