PODS:
  - Alamofire (4.4.0)
  - Alamofire-Synchronous (4.0.0):
    - Alamofire (~> 4.0)
  - AsyncSwift (2.0.1)
  - Cenarius (3.0.0):
    - Alamofire
    - Alamofire-Synchronous
    - AsyncSwift
    - CryptoSwift
    - HandyJSON
    - Kingfisher
    - RealmSwift
    - SnapKit
    - SwiftyJSON
    - SwiftyVersion
    - WeexSDK
    - XCGLogger
    - Zip
  - CryptoSwift (0.6.8)
  - HandyJSON (1.7.1)
  - Kingfisher (3.6.2)
  - NVActivityIndicatorView (3.6.1)
  - ObjcExceptionBridging (1.0.1):
    - ObjcExceptionBridging/ObjcExceptionBridging (= 1.0.1)
  - ObjcExceptionBridging/ObjcExceptionBridging (1.0.1)
  - Realm (2.6.1):
    - Realm/Headers (= 2.6.1)
  - Realm/Headers (2.6.1)
  - RealmSwift (2.6.1):
    - Realm (= 2.6.1)
  - SnapKit (3.2.0)
  - SocketRocket (0.5.1)
  - SwiftyJSON (3.1.4)
  - SwiftyVersion (0.2.1)
  - WeexSDK (0.11.0):
    - SocketRocket
  - XCGLogger (5.0.1):
    - XCGLogger/Core (= 5.0.1)
  - XCGLogger/Core (5.0.1):
    - ObjcExceptionBridging
  - Zip (0.7.0)

DEPENDENCIES:
  - Cenarius (from `..`)
  - NVActivityIndicatorView

EXTERNAL SOURCES:
  Cenarius:
    :path: ".."

SPEC CHECKSUMS:
  Alamofire: dc44b1600b800eb63da6a19039a0083d62a6a62d
  Alamofire-Synchronous: eedf1e6e961c3795a63c74990b3f7d9fbfac7e50
  AsyncSwift: 632138e42ead868b53c745fcde9bf733ce1527ad
  Cenarius: 29700f4051675228d25d58fb77853b5b7035f240
  CryptoSwift: f21ea03ed3a94e79d241648ce26652cd4810508a
  HandyJSON: 54b6ce942795f7b2e61b82fe73cf25d9f139d125
  Kingfisher: 2c94e72c6830622c71d06adf4ea024c37d316830
  NVActivityIndicatorView: 9f52a7f84bf5c6a798722c450fe3c198e01c56ed
  ObjcExceptionBridging: c30e00eb3700467e695faeea30e26e18bd445001
  Realm: 9abfd4f87519376daa5ae3a4603155de408bf8b3
  RealmSwift: a54d3e8931cf7d3afa5a1fac9c8f88109d7f02b3
  SnapKit: 1ca44df72cfa543218d177cb8aab029d10d86ea7
  SocketRocket: d57c7159b83c3c6655745cd15302aa24b6bae531
  SwiftyJSON: c2842d878f95482ffceec5709abc3d05680c0220
  SwiftyVersion: 79f589a2f9d252c6493f9d2e0a0296d5008f04ff
  WeexSDK: f9cfe6adc91fba3ca5e36bc9808bf1b6e8be2106
  XCGLogger: 0b43697155d41e4a1b15fc776f319c2141646b09
  Zip: e34513299ac38c0686d5b24504da7ce343799ab9

PODFILE CHECKSUM: 71c31ea86948a69b03fc61d464d308ea66d06d94

COCOAPODS: 1.2.1
